
Microsoft Visual Studio Solution File, Format Version 12.00
# Visual Studio 15
VisualStudioVersion = 15.0.28010.2036
MinimumVisualStudioVersion = 10.0.40219.1
Project("{FAE04EC0-301F-11D3-BF4B-00C04F79EFBC}") = "AutoMapperTest", "AutoMapperTest\AutoMapperTest.csproj", "{888AB919-49A9-43AA-93D4-402AF3F0EBB7}"
EndProject
Global
	GlobalSection(SolutionConfigurationPlatforms) = preSolution
		Debug|Any CPU = Debug|Any CPU
		Release|Any CPU = Release|Any CPU
	EndGlobalSection
	GlobalSection(ProjectConfigurationPlatforms) = postSolution
		{888AB919-49A9-43AA-93D4-402AF3F0EBB7}.Debug|Any CPU.ActiveCfg = Debug|Any CPU
		{888AB919-49A9-43AA-93D4-402AF3F0EBB7}.Debug|Any CPU.Build.0 = Debug|Any CPU
		{888AB919-49A9-43AA-93D4-402AF3F0EBB7}.Release|Any CPU.ActiveCfg = Release|Any CPU
		{888AB919-49A9-43AA-93D4-402AF3F0EBB7}.Release|Any CPU.Build.0 = Release|Any CPU
	EndGlobalSection
	GlobalSection(SolutionProperties) = preSolution
		HideSolutionNode = FALSE
	EndGlobalSection
	GlobalSection(ExtensibilityGlobals) = postSolution
		SolutionGuid = {63C309F4-9971-4716-A337-F4E5DB5B3E70}
	EndGlobalSection
EndGlobal
